// !$*UTF8*$!
{
	archiveVersion = 1;
	classes = {
	};
	objectVersion = 46;
	objects = {

/* Begin PBXBuildFile section */
		0093810A1461B6860044E007 /* Foundation.framework in Frameworks */ = {isa = PBXBuildFile; fileRef = 009381091461B6860044E007 /* Foundation.framework */; };
		009381941461B6EB0044E007 /* UIKit.framework in Frameworks */ = {isa = PBXBuildFile; fileRef = 009381931461B6EB0044E007 /* UIKit.framework */; };
		009382C61461B9520044E007 /* QuartzCore.framework in Frameworks */ = {isa = PBXBuildFile; fileRef = 009382C51461B9520044E007 /* QuartzCore.framework */; };
		CA014D7316F3940500253769 /* NSArray+SDExtensions.h in Headers */ = {isa = PBXBuildFile; fileRef = CA014D2316F3940500253769 /* NSArray+SDExtensions.h */; };
		CA014D7416F3940500253769 /* NSArray+SDExtensions.m in Sources */ = {isa = PBXBuildFile; fileRef = CA014D2416F3940500253769 /* NSArray+SDExtensions.m */; };
		CA014D7516F3940500253769 /* NSDate+SDExtensions.h in Headers */ = {isa = PBXBuildFile; fileRef = CA014D2516F3940500253769 /* NSDate+SDExtensions.h */; };
		CA014D7616F3940500253769 /* NSDate+SDExtensions.m in Sources */ = {isa = PBXBuildFile; fileRef = CA014D2616F3940500253769 /* NSDate+SDExtensions.m */; };
		CA014D7716F3940500253769 /* NSDictionary+SDExtensions.h in Headers */ = {isa = PBXBuildFile; fileRef = CA014D2716F3940500253769 /* NSDictionary+SDExtensions.h */; };
		CA014D7816F3940500253769 /* NSDictionary+SDExtensions.m in Sources */ = {isa = PBXBuildFile; fileRef = CA014D2816F3940500253769 /* NSDictionary+SDExtensions.m */; };
		CA014D7916F3940500253769 /* NSString+SDExtensions.h in Headers */ = {isa = PBXBuildFile; fileRef = CA014D2916F3940500253769 /* NSString+SDExtensions.h */; };
		CA014D7A16F3940500253769 /* NSString+SDExtensions.m in Sources */ = {isa = PBXBuildFile; fileRef = CA014D2A16F3940500253769 /* NSString+SDExtensions.m */; };
		CA014D7B16F3940500253769 /* NSUserDefaults+SDExtensions.h in Headers */ = {isa = PBXBuildFile; fileRef = CA014D2B16F3940500253769 /* NSUserDefaults+SDExtensions.h */; };
		CA014D7C16F3940500253769 /* NSUserDefaults+SDExtensions.m in Sources */ = {isa = PBXBuildFile; fileRef = CA014D2C16F3940500253769 /* NSUserDefaults+SDExtensions.m */; };
		CA014D7D16F3940500253769 /* SDTimer.h in Headers */ = {isa = PBXBuildFile; fileRef = CA014D2D16F3940500253769 /* SDTimer.h */; };
		CA014D7E16F3940500253769 /* SDTimer.m in Sources */ = {isa = PBXBuildFile; fileRef = CA014D2E16F3940500253769 /* SDTimer.m */; };
		CA014D8116F3940500253769 /* SDLog.h in Headers */ = {isa = PBXBuildFile; fileRef = CA014D3216F3940500253769 /* SDLog.h */; };
		CA014D8216F3940500253769 /* CLLocation+SDExtensions.h in Headers */ = {isa = PBXBuildFile; fileRef = CA014D3416F3940500253769 /* CLLocation+SDExtensions.h */; };
		CA014D8316F3940500253769 /* CLLocation+SDExtensions.m in Sources */ = {isa = PBXBuildFile; fileRef = CA014D3516F3940500253769 /* CLLocation+SDExtensions.m */; };
		CA014D8416F3940500253769 /* MKMapView+SDExtensions.h in Headers */ = {isa = PBXBuildFile; fileRef = CA014D3616F3940500253769 /* MKMapView+SDExtensions.h */; };
		CA014D8516F3940500253769 /* MKMapView+SDExtensions.m in Sources */ = {isa = PBXBuildFile; fileRef = CA014D3716F3940500253769 /* MKMapView+SDExtensions.m */; };
		CA014D8816F3940500253769 /* SDLocationManager.h in Headers */ = {isa = PBXBuildFile; fileRef = CA014D3A16F3940500253769 /* SDLocationManager.h */; };
		CA014D8916F3940500253769 /* SDLocationManager.m in Sources */ = {isa = PBXBuildFile; fileRef = CA014D3B16F3940500253769 /* SDLocationManager.m */; };
		CA014D8A16F3940500253769 /* SDKeychain.h in Headers */ = {isa = PBXBuildFile; fileRef = CA014D3D16F3940500253769 /* SDKeychain.h */; };
		CA014D8B16F3940500253769 /* SDKeychain.m in Sources */ = {isa = PBXBuildFile; fileRef = CA014D3E16F3940500253769 /* SDKeychain.m */; };
		CA014D8C16F3940500253769 /* NSObject+SDExtensions.h in Headers */ = {isa = PBXBuildFile; fileRef = CA014D4016F3940500253769 /* NSObject+SDExtensions.h */; };
		CA014D8D16F3940500253769 /* NSObject+SDExtensions.m in Sources */ = {isa = PBXBuildFile; fileRef = CA014D4116F3940500253769 /* NSObject+SDExtensions.m */; };
		CA014D8E16F3940500253769 /* SDDragDropGestureRecognizer.h in Headers */ = {isa = PBXBuildFile; fileRef = CA014D4216F3940500253769 /* SDDragDropGestureRecognizer.h */; };
		CA014D8F16F3940500253769 /* SDDragDropGestureRecognizer.m in Sources */ = {isa = PBXBuildFile; fileRef = CA014D4316F3940500253769 /* SDDragDropGestureRecognizer.m */; };
		CA014D9016F3940500253769 /* SDDragDropManager.h in Headers */ = {isa = PBXBuildFile; fileRef = CA014D4416F3940500253769 /* SDDragDropManager.h */; };
		CA014D9116F3940500253769 /* SDDragDropManager.m in Sources */ = {isa = PBXBuildFile; fileRef = CA014D4516F3940500253769 /* SDDragDropManager.m */; };
		CA014D9216F3940500253769 /* SDImageButton.h in Headers */ = {isa = PBXBuildFile; fileRef = CA014D4616F3940500253769 /* SDImageButton.h */; };
		CA014D9316F3940500253769 /* SDImageButton.m in Sources */ = {isa = PBXBuildFile; fileRef = CA014D4716F3940500253769 /* SDImageButton.m */; };
		CA014D9416F3940500253769 /* SDLabel.h in Headers */ = {isa = PBXBuildFile; fileRef = CA014D4816F3940500253769 /* SDLabel.h */; };
		CA014D9516F3940500253769 /* SDLabel.m in Sources */ = {isa = PBXBuildFile; fileRef = CA014D4916F3940500253769 /* SDLabel.m */; };
		CA014D9616F3940500253769 /* SDPickerModalViewController.h in Headers */ = {isa = PBXBuildFile; fileRef = CA014D4A16F3940500253769 /* SDPickerModalViewController.h */; };
		CA014D9716F3940500253769 /* SDPickerModalViewController.m in Sources */ = {isa = PBXBuildFile; fileRef = CA014D4B16F3940500253769 /* SDPickerModalViewController.m */; };
		CA014D9816F3940500253769 /* SDSearchBar.h in Headers */ = {isa = PBXBuildFile; fileRef = CA014D4D16F3940500253769 /* SDSearchBar.h */; };
		CA014D9916F3940500253769 /* SDSearchBar.m in Sources */ = {isa = PBXBuildFile; fileRef = CA014D4E16F3940500253769 /* SDSearchBar.m */; };
		CA014D9A16F3940500253769 /* SDSearchDisplayController.h in Headers */ = {isa = PBXBuildFile; fileRef = CA014D4F16F3940500253769 /* SDSearchDisplayController.h */; };
		CA014D9B16F3940500253769 /* SDSearchDisplayController.m in Sources */ = {isa = PBXBuildFile; fileRef = CA014D5016F3940500253769 /* SDSearchDisplayController.m */; };
		CA014D9C16F3940500253769 /* SDStackView.h in Headers */ = {isa = PBXBuildFile; fileRef = CA014D5116F3940500253769 /* SDStackView.h */; };
		CA014D9D16F3940500253769 /* SDStackView.m in Sources */ = {isa = PBXBuildFile; fileRef = CA014D5216F3940500253769 /* SDStackView.m */; };
		CA014D9E16F3940500253769 /* SDWebViewCell.h in Headers */ = {isa = PBXBuildFile; fileRef = CA014D5316F3940500253769 /* SDWebViewCell.h */; };
		CA014D9F16F3940500253769 /* SDWebViewCell.m in Sources */ = {isa = PBXBuildFile; fileRef = CA014D5416F3940500253769 /* SDWebViewCell.m */; };
		CA014DA016F3940500253769 /* UIActivityIndicatorView+SDExtensions.h in Headers */ = {isa = PBXBuildFile; fileRef = CA014D5616F3940500253769 /* UIActivityIndicatorView+SDExtensions.h */; };
		CA014DA116F3940500253769 /* UIActivityIndicatorView+SDExtensions.m in Sources */ = {isa = PBXBuildFile; fileRef = CA014D5716F3940500253769 /* UIActivityIndicatorView+SDExtensions.m */; };
		CA014DA216F3940500253769 /* UIAlertView+SDExtensions.h in Headers */ = {isa = PBXBuildFile; fileRef = CA014D5816F3940500253769 /* UIAlertView+SDExtensions.h */; };
		CA014DA316F3940500253769 /* UIAlertView+SDExtensions.m in Sources */ = {isa = PBXBuildFile; fileRef = CA014D5916F3940500253769 /* UIAlertView+SDExtensions.m */; };
		CA014DA416F3940500253769 /* UIColor+SDExtensions.h in Headers */ = {isa = PBXBuildFile; fileRef = CA014D5A16F3940500253769 /* UIColor+SDExtensions.h */; };
		CA014DA516F3940500253769 /* UIColor+SDExtensions.m in Sources */ = {isa = PBXBuildFile; fileRef = CA014D5B16F3940500253769 /* UIColor+SDExtensions.m */; };
		CA014DA616F3940500253769 /* UIImage+SDExtensions.h in Headers */ = {isa = PBXBuildFile; fileRef = CA014D5C16F3940500253769 /* UIImage+SDExtensions.h */; };
		CA014DA716F3940500253769 /* UIImage+SDExtensions.m in Sources */ = {isa = PBXBuildFile; fileRef = CA014D5D16F3940500253769 /* UIImage+SDExtensions.m */; };
		CA014DA816F3940500253769 /* UINavigationController+SDExtensions.h in Headers */ = {isa = PBXBuildFile; fileRef = CA014D5E16F3940500253769 /* UINavigationController+SDExtensions.h */; };
		CA014DA916F3940500253769 /* UINavigationController+SDExtensions.m in Sources */ = {isa = PBXBuildFile; fileRef = CA014D5F16F3940500253769 /* UINavigationController+SDExtensions.m */; };
		CA014DAA16F3940500253769 /* UIScreen+SDExtensions.h in Headers */ = {isa = PBXBuildFile; fileRef = CA014D6016F3940500253769 /* UIScreen+SDExtensions.h */; };
		CA014DAB16F3940500253769 /* UIScreen+SDExtensions.m in Sources */ = {isa = PBXBuildFile; fileRef = CA014D6116F3940500253769 /* UIScreen+SDExtensions.m */; };
		CA014DAC16F3940500253769 /* UISearchBar+SDExtensions.h in Headers */ = {isa = PBXBuildFile; fileRef = CA014D6216F3940500253769 /* UISearchBar+SDExtensions.h */; };
		CA014DAD16F3940500253769 /* UISearchBar+SDExtensions.m in Sources */ = {isa = PBXBuildFile; fileRef = CA014D6316F3940500253769 /* UISearchBar+SDExtensions.m */; };
		CA014DAE16F3940500253769 /* UIView+SDExtensions.h in Headers */ = {isa = PBXBuildFile; fileRef = CA014D6416F3940500253769 /* UIView+SDExtensions.h */; };
		CA014DAF16F3940500253769 /* UIView+SDExtensions.m in Sources */ = {isa = PBXBuildFile; fileRef = CA014D6516F3940500253769 /* UIView+SDExtensions.m */; };
		CA014DB016F3940500253769 /* NSCachedURLResponse+LeakFix.h in Headers */ = {isa = PBXBuildFile; fileRef = CA014D6716F3940500253769 /* NSCachedURLResponse+LeakFix.h */; };
		CA014DB116F3940500253769 /* NSCachedURLResponse+LeakFix.m in Sources */ = {isa = PBXBuildFile; fileRef = CA014D6816F3940500253769 /* NSCachedURLResponse+LeakFix.m */; };
		CA014DB216F3940500253769 /* NSURL+SDExtensions.h in Headers */ = {isa = PBXBuildFile; fileRef = CA014D6916F3940500253769 /* NSURL+SDExtensions.h */; };
		CA014DB316F3940500253769 /* NSURL+SDExtensions.m in Sources */ = {isa = PBXBuildFile; fileRef = CA014D6A16F3940500253769 /* NSURL+SDExtensions.m */; };
		CA014DB416F3940500253769 /* NSURLCache+SDExtensions.h in Headers */ = {isa = PBXBuildFile; fileRef = CA014D6B16F3940500253769 /* NSURLCache+SDExtensions.h */; };
		CA014DB516F3940500253769 /* NSURLCache+SDExtensions.m in Sources */ = {isa = PBXBuildFile; fileRef = CA014D6C16F3940500253769 /* NSURLCache+SDExtensions.m */; };
		CA014DB616F3940500253769 /* Reachability.h in Headers */ = {isa = PBXBuildFile; fileRef = CA014D6D16F3940500253769 /* Reachability.h */; };
		CA014DB716F3940500253769 /* Reachability.m in Sources */ = {isa = PBXBuildFile; fileRef = CA014D6E16F3940500253769 /* Reachability.m */; };
		CA014DB816F3940500253769 /* SDURLConnection.h in Headers */ = {isa = PBXBuildFile; fileRef = CA014D6F16F3940500253769 /* SDURLConnection.h */; };
		CA014DB916F3940500253769 /* SDURLConnection.m in Sources */ = {isa = PBXBuildFile; fileRef = CA014D7016F3940500253769 /* SDURLConnection.m */; };
		CA014DBA16F3940500253769 /* SDWebService.h in Headers */ = {isa = PBXBuildFile; fileRef = CA014D7116F3940500253769 /* SDWebService.h */; };
		CA014DBB16F3940500253769 /* SDWebService.m in Sources */ = {isa = PBXBuildFile; fileRef = CA014D7216F3940500253769 /* SDWebService.m */; };
		CA014DBF16F39F2600253769 /* SDContainerViewController.h in Headers */ = {isa = PBXBuildFile; fileRef = CA014DBD16F39F2600253769 /* SDContainerViewController.h */; };
		CA014DC016F39F2600253769 /* SDContainerViewController.m in Sources */ = {isa = PBXBuildFile; fileRef = CA014DBE16F39F2600253769 /* SDContainerViewController.m */; };
		CA014DC316F3A09300253769 /* SDDataMap.h in Headers */ = {isa = PBXBuildFile; fileRef = CA014DC116F3A09300253769 /* SDDataMap.h */; };
		CA014DC416F3A09300253769 /* SDDataMap.m in Sources */ = {isa = PBXBuildFile; fileRef = CA014DC216F3A09300253769 /* SDDataMap.m */; };
		CA331B75171F1E3800CFD209 /* UIDevice+machine.h in Headers */ = {isa = PBXBuildFile; fileRef = CA331B73171F1E3800CFD209 /* UIDevice+machine.h */; };
		CA331B76171F1E3800CFD209 /* UIDevice+machine.m in Sources */ = {isa = PBXBuildFile; fileRef = CA331B74171F1E3800CFD209 /* UIDevice+machine.m */; };
		CA331BF51725A78E00CFD209 /* UIImageView+SDExtensions.h in Headers */ = {isa = PBXBuildFile; fileRef = CA331BF31725A78E00CFD209 /* UIImageView+SDExtensions.h */; };
		CA331BF61725A78E00CFD209 /* UIImageView+SDExtensions.m in Sources */ = {isa = PBXBuildFile; fileRef = CA331BF41725A78E00CFD209 /* UIImageView+SDExtensions.m */; };
		CA5BC6861756A689006E8673 /* SDBase64.h in Headers */ = {isa = PBXBuildFile; fileRef = CA5BC6841756A689006E8673 /* SDBase64.h */; };
		CA5BC6871756A689006E8673 /* SDBase64.m in Sources */ = {isa = PBXBuildFile; fileRef = CA5BC6851756A689006E8673 /* SDBase64.m */; };
		CA88884E16F787BB0007C614 /* SDDeckController.h in Headers */ = {isa = PBXBuildFile; fileRef = CA88884C16F787BB0007C614 /* SDDeckController.h */; };
		CA88884F16F787BB0007C614 /* SDDeckController.m in Sources */ = {isa = PBXBuildFile; fileRef = CA88884D16F787BB0007C614 /* SDDeckController.m */; };
		CAA7AEAC1778F7CD0033BC49 /* SDPagingView.h in Headers */ = {isa = PBXBuildFile; fileRef = CAA7AEAA1778F7CD0033BC49 /* SDPagingView.h */; };
		CAA7AEAD1778F7CD0033BC49 /* SDPagingView.m in Sources */ = {isa = PBXBuildFile; fileRef = CAA7AEAB1778F7CD0033BC49 /* SDPagingView.m */; };
		CAAD943B171611E500E97FEC /* NSData+SDExtensions.h in Headers */ = {isa = PBXBuildFile; fileRef = CAAD9439171611E500E97FEC /* NSData+SDExtensions.h */; };
		CAAD943C171611E500E97FEC /* NSData+SDExtensions.m in Sources */ = {isa = PBXBuildFile; fileRef = CAAD943A171611E500E97FEC /* NSData+SDExtensions.m */; };
		CAB97F04178DE01D001A8ABA /* SDImageCache.m in Sources */ = {isa = PBXBuildFile; fileRef = CAB97F03178DDF88001A8ABA /* SDImageCache.m */; };
		CAF9C61E174D633B00E0DA62 /* UIViewController+SDExtensions.h in Headers */ = {isa = PBXBuildFile; fileRef = CAF9C61C174D633B00E0DA62 /* UIViewController+SDExtensions.h */; };
		CAF9C61F174D633B00E0DA62 /* UIViewController+SDExtensions.m in Sources */ = {isa = PBXBuildFile; fileRef = CAF9C61D174D633B00E0DA62 /* UIViewController+SDExtensions.m */; };
/* End PBXBuildFile section */

/* Begin PBXFileReference section */
		009381061461B6860044E007 /* libios-shared.a */ = {isa = PBXFileReference; explicitFileType = archive.ar; includeInIndex = 0; path = "libios-shared.a"; sourceTree = BUILT_PRODUCTS_DIR; };
		009381091461B6860044E007 /* Foundation.framework */ = {isa = PBXFileReference; lastKnownFileType = wrapper.framework; name = Foundation.framework; path = System/Library/Frameworks/Foundation.framework; sourceTree = SDKROOT; };
		0093810D1461B6860044E007 /* ios-shared-Prefix.pch */ = {isa = PBXFileReference; lastKnownFileType = sourcecode.c.h; path = "ios-shared-Prefix.pch"; sourceTree = "<group>"; };
		009381931461B6EB0044E007 /* UIKit.framework */ = {isa = PBXFileReference; lastKnownFileType = wrapper.framework; name = UIKit.framework; path = System/Library/Frameworks/UIKit.framework; sourceTree = SDKROOT; };
		009382C51461B9520044E007 /* QuartzCore.framework */ = {isa = PBXFileReference; lastKnownFileType = wrapper.framework; name = QuartzCore.framework; path = System/Library/Frameworks/QuartzCore.framework; sourceTree = SDKROOT; };
		CA014D2316F3940500253769 /* NSArray+SDExtensions.h */ = {isa = PBXFileReference; fileEncoding = 4; lastKnownFileType = sourcecode.c.h; path = "NSArray+SDExtensions.h"; sourceTree = "<group>"; };
		CA014D2416F3940500253769 /* NSArray+SDExtensions.m */ = {isa = PBXFileReference; fileEncoding = 4; lastKnownFileType = sourcecode.c.objc; path = "NSArray+SDExtensions.m"; sourceTree = "<group>"; };
		CA014D2516F3940500253769 /* NSDate+SDExtensions.h */ = {isa = PBXFileReference; fileEncoding = 4; lastKnownFileType = sourcecode.c.h; path = "NSDate+SDExtensions.h"; sourceTree = "<group>"; };
		CA014D2616F3940500253769 /* NSDate+SDExtensions.m */ = {isa = PBXFileReference; fileEncoding = 4; lastKnownFileType = sourcecode.c.objc; path = "NSDate+SDExtensions.m"; sourceTree = "<group>"; };
		CA014D2716F3940500253769 /* NSDictionary+SDExtensions.h */ = {isa = PBXFileReference; fileEncoding = 4; lastKnownFileType = sourcecode.c.h; path = "NSDictionary+SDExtensions.h"; sourceTree = "<group>"; };
		CA014D2816F3940500253769 /* NSDictionary+SDExtensions.m */ = {isa = PBXFileReference; fileEncoding = 4; lastKnownFileType = sourcecode.c.objc; path = "NSDictionary+SDExtensions.m"; sourceTree = "<group>"; };
		CA014D2916F3940500253769 /* NSString+SDExtensions.h */ = {isa = PBXFileReference; fileEncoding = 4; lastKnownFileType = sourcecode.c.h; path = "NSString+SDExtensions.h"; sourceTree = "<group>"; };
		CA014D2A16F3940500253769 /* NSString+SDExtensions.m */ = {isa = PBXFileReference; fileEncoding = 4; lastKnownFileType = sourcecode.c.objc; path = "NSString+SDExtensions.m"; sourceTree = "<group>"; };
		CA014D2B16F3940500253769 /* NSUserDefaults+SDExtensions.h */ = {isa = PBXFileReference; fileEncoding = 4; lastKnownFileType = sourcecode.c.h; path = "NSUserDefaults+SDExtensions.h"; sourceTree = "<group>"; };
		CA014D2C16F3940500253769 /* NSUserDefaults+SDExtensions.m */ = {isa = PBXFileReference; fileEncoding = 4; lastKnownFileType = sourcecode.c.objc; path = "NSUserDefaults+SDExtensions.m"; sourceTree = "<group>"; };
		CA014D2D16F3940500253769 /* SDTimer.h */ = {isa = PBXFileReference; fileEncoding = 4; lastKnownFileType = sourcecode.c.h; path = SDTimer.h; sourceTree = "<group>"; };
		CA014D2E16F3940500253769 /* SDTimer.m */ = {isa = PBXFileReference; fileEncoding = 4; lastKnownFileType = sourcecode.c.objc; path = SDTimer.m; sourceTree = "<group>"; };
		CA014D3216F3940500253769 /* SDLog.h */ = {isa = PBXFileReference; fileEncoding = 4; lastKnownFileType = sourcecode.c.h; path = SDLog.h; sourceTree = "<group>"; };
		CA014D3416F3940500253769 /* CLLocation+SDExtensions.h */ = {isa = PBXFileReference; fileEncoding = 4; lastKnownFileType = sourcecode.c.h; path = "CLLocation+SDExtensions.h"; sourceTree = "<group>"; };
		CA014D3516F3940500253769 /* CLLocation+SDExtensions.m */ = {isa = PBXFileReference; fileEncoding = 4; lastKnownFileType = sourcecode.c.objc; path = "CLLocation+SDExtensions.m"; sourceTree = "<group>"; };
		CA014D3616F3940500253769 /* MKMapView+SDExtensions.h */ = {isa = PBXFileReference; fileEncoding = 4; lastKnownFileType = sourcecode.c.h; path = "MKMapView+SDExtensions.h"; sourceTree = "<group>"; };
		CA014D3716F3940500253769 /* MKMapView+SDExtensions.m */ = {isa = PBXFileReference; fileEncoding = 4; lastKnownFileType = sourcecode.c.objc; path = "MKMapView+SDExtensions.m"; sourceTree = "<group>"; };
		CA014D3A16F3940500253769 /* SDLocationManager.h */ = {isa = PBXFileReference; fileEncoding = 4; lastKnownFileType = sourcecode.c.h; path = SDLocationManager.h; sourceTree = "<group>"; };
		CA014D3B16F3940500253769 /* SDLocationManager.m */ = {isa = PBXFileReference; fileEncoding = 4; lastKnownFileType = sourcecode.c.objc; path = SDLocationManager.m; sourceTree = "<group>"; };
		CA014D3D16F3940500253769 /* SDKeychain.h */ = {isa = PBXFileReference; fileEncoding = 4; lastKnownFileType = sourcecode.c.h; path = SDKeychain.h; sourceTree = "<group>"; };
		CA014D3E16F3940500253769 /* SDKeychain.m */ = {isa = PBXFileReference; fileEncoding = 4; lastKnownFileType = sourcecode.c.objc; path = SDKeychain.m; sourceTree = "<group>"; };
		CA014D4016F3940500253769 /* NSObject+SDExtensions.h */ = {isa = PBXFileReference; fileEncoding = 4; lastKnownFileType = sourcecode.c.h; path = "NSObject+SDExtensions.h"; sourceTree = "<group>"; };
		CA014D4116F3940500253769 /* NSObject+SDExtensions.m */ = {isa = PBXFileReference; fileEncoding = 4; lastKnownFileType = sourcecode.c.objc; path = "NSObject+SDExtensions.m"; sourceTree = "<group>"; };
		CA014D4216F3940500253769 /* SDDragDropGestureRecognizer.h */ = {isa = PBXFileReference; fileEncoding = 4; lastKnownFileType = sourcecode.c.h; path = SDDragDropGestureRecognizer.h; sourceTree = "<group>"; };
		CA014D4316F3940500253769 /* SDDragDropGestureRecognizer.m */ = {isa = PBXFileReference; fileEncoding = 4; lastKnownFileType = sourcecode.c.objc; path = SDDragDropGestureRecognizer.m; sourceTree = "<group>"; };
		CA014D4416F3940500253769 /* SDDragDropManager.h */ = {isa = PBXFileReference; fileEncoding = 4; lastKnownFileType = sourcecode.c.h; path = SDDragDropManager.h; sourceTree = "<group>"; };
		CA014D4516F3940500253769 /* SDDragDropManager.m */ = {isa = PBXFileReference; fileEncoding = 4; lastKnownFileType = sourcecode.c.objc; path = SDDragDropManager.m; sourceTree = "<group>"; };
		CA014D4616F3940500253769 /* SDImageButton.h */ = {isa = PBXFileReference; fileEncoding = 4; lastKnownFileType = sourcecode.c.h; path = SDImageButton.h; sourceTree = "<group>"; };
		CA014D4716F3940500253769 /* SDImageButton.m */ = {isa = PBXFileReference; fileEncoding = 4; lastKnownFileType = sourcecode.c.objc; path = SDImageButton.m; sourceTree = "<group>"; };
		CA014D4816F3940500253769 /* SDLabel.h */ = {isa = PBXFileReference; fileEncoding = 4; lastKnownFileType = sourcecode.c.h; path = SDLabel.h; sourceTree = "<group>"; };
		CA014D4916F3940500253769 /* SDLabel.m */ = {isa = PBXFileReference; fileEncoding = 4; lastKnownFileType = sourcecode.c.objc; path = SDLabel.m; sourceTree = "<group>"; };
		CA014D4A16F3940500253769 /* SDPickerModalViewController.h */ = {isa = PBXFileReference; fileEncoding = 4; lastKnownFileType = sourcecode.c.h; path = SDPickerModalViewController.h; sourceTree = "<group>"; };
		CA014D4B16F3940500253769 /* SDPickerModalViewController.m */ = {isa = PBXFileReference; fileEncoding = 4; lastKnownFileType = sourcecode.c.objc; path = SDPickerModalViewController.m; sourceTree = "<group>"; };
		CA014D4C16F3940500253769 /* SDPickerModalViewController.xib */ = {isa = PBXFileReference; fileEncoding = 4; lastKnownFileType = file.xib; path = SDPickerModalViewController.xib; sourceTree = "<group>"; };
		CA014D4D16F3940500253769 /* SDSearchBar.h */ = {isa = PBXFileReference; fileEncoding = 4; lastKnownFileType = sourcecode.c.h; path = SDSearchBar.h; sourceTree = "<group>"; };
		CA014D4E16F3940500253769 /* SDSearchBar.m */ = {isa = PBXFileReference; fileEncoding = 4; lastKnownFileType = sourcecode.c.objc; path = SDSearchBar.m; sourceTree = "<group>"; };
		CA014D4F16F3940500253769 /* SDSearchDisplayController.h */ = {isa = PBXFileReference; fileEncoding = 4; lastKnownFileType = sourcecode.c.h; path = SDSearchDisplayController.h; sourceTree = "<group>"; };
		CA014D5016F3940500253769 /* SDSearchDisplayController.m */ = {isa = PBXFileReference; fileEncoding = 4; lastKnownFileType = sourcecode.c.objc; path = SDSearchDisplayController.m; sourceTree = "<group>"; };
		CA014D5116F3940500253769 /* SDStackView.h */ = {isa = PBXFileReference; fileEncoding = 4; lastKnownFileType = sourcecode.c.h; path = SDStackView.h; sourceTree = "<group>"; };
		CA014D5216F3940500253769 /* SDStackView.m */ = {isa = PBXFileReference; fileEncoding = 4; lastKnownFileType = sourcecode.c.objc; path = SDStackView.m; sourceTree = "<group>"; };
		CA014D5316F3940500253769 /* SDWebViewCell.h */ = {isa = PBXFileReference; fileEncoding = 4; lastKnownFileType = sourcecode.c.h; path = SDWebViewCell.h; sourceTree = "<group>"; };
		CA014D5416F3940500253769 /* SDWebViewCell.m */ = {isa = PBXFileReference; fileEncoding = 4; lastKnownFileType = sourcecode.c.objc; path = SDWebViewCell.m; sourceTree = "<group>"; };
		CA014D5516F3940500253769 /* SDWebViewCell.xib */ = {isa = PBXFileReference; fileEncoding = 4; lastKnownFileType = file.xib; path = SDWebViewCell.xib; sourceTree = "<group>"; };
		CA014D5616F3940500253769 /* UIActivityIndicatorView+SDExtensions.h */ = {isa = PBXFileReference; fileEncoding = 4; lastKnownFileType = sourcecode.c.h; path = "UIActivityIndicatorView+SDExtensions.h"; sourceTree = "<group>"; };
		CA014D5716F3940500253769 /* UIActivityIndicatorView+SDExtensions.m */ = {isa = PBXFileReference; fileEncoding = 4; lastKnownFileType = sourcecode.c.objc; path = "UIActivityIndicatorView+SDExtensions.m"; sourceTree = "<group>"; };
		CA014D5816F3940500253769 /* UIAlertView+SDExtensions.h */ = {isa = PBXFileReference; fileEncoding = 4; lastKnownFileType = sourcecode.c.h; path = "UIAlertView+SDExtensions.h"; sourceTree = "<group>"; };
		CA014D5916F3940500253769 /* UIAlertView+SDExtensions.m */ = {isa = PBXFileReference; fileEncoding = 4; lastKnownFileType = sourcecode.c.objc; path = "UIAlertView+SDExtensions.m"; sourceTree = "<group>"; };
		CA014D5A16F3940500253769 /* UIColor+SDExtensions.h */ = {isa = PBXFileReference; fileEncoding = 4; lastKnownFileType = sourcecode.c.h; path = "UIColor+SDExtensions.h"; sourceTree = "<group>"; };
		CA014D5B16F3940500253769 /* UIColor+SDExtensions.m */ = {isa = PBXFileReference; fileEncoding = 4; lastKnownFileType = sourcecode.c.objc; path = "UIColor+SDExtensions.m"; sourceTree = "<group>"; };
		CA014D5C16F3940500253769 /* UIImage+SDExtensions.h */ = {isa = PBXFileReference; fileEncoding = 4; lastKnownFileType = sourcecode.c.h; path = "UIImage+SDExtensions.h"; sourceTree = "<group>"; };
		CA014D5D16F3940500253769 /* UIImage+SDExtensions.m */ = {isa = PBXFileReference; fileEncoding = 4; lastKnownFileType = sourcecode.c.objc; path = "UIImage+SDExtensions.m"; sourceTree = "<group>"; };
		CA014D5E16F3940500253769 /* UINavigationController+SDExtensions.h */ = {isa = PBXFileReference; fileEncoding = 4; lastKnownFileType = sourcecode.c.h; path = "UINavigationController+SDExtensions.h"; sourceTree = "<group>"; };
		CA014D5F16F3940500253769 /* UINavigationController+SDExtensions.m */ = {isa = PBXFileReference; fileEncoding = 4; lastKnownFileType = sourcecode.c.objc; path = "UINavigationController+SDExtensions.m"; sourceTree = "<group>"; };
		CA014D6016F3940500253769 /* UIScreen+SDExtensions.h */ = {isa = PBXFileReference; fileEncoding = 4; lastKnownFileType = sourcecode.c.h; path = "UIScreen+SDExtensions.h"; sourceTree = "<group>"; };
		CA014D6116F3940500253769 /* UIScreen+SDExtensions.m */ = {isa = PBXFileReference; fileEncoding = 4; lastKnownFileType = sourcecode.c.objc; path = "UIScreen+SDExtensions.m"; sourceTree = "<group>"; };
		CA014D6216F3940500253769 /* UISearchBar+SDExtensions.h */ = {isa = PBXFileReference; fileEncoding = 4; lastKnownFileType = sourcecode.c.h; path = "UISearchBar+SDExtensions.h"; sourceTree = "<group>"; };
		CA014D6316F3940500253769 /* UISearchBar+SDExtensions.m */ = {isa = PBXFileReference; fileEncoding = 4; lastKnownFileType = sourcecode.c.objc; path = "UISearchBar+SDExtensions.m"; sourceTree = "<group>"; };
		CA014D6416F3940500253769 /* UIView+SDExtensions.h */ = {isa = PBXFileReference; fileEncoding = 4; lastKnownFileType = sourcecode.c.h; path = "UIView+SDExtensions.h"; sourceTree = "<group>"; };
		CA014D6516F3940500253769 /* UIView+SDExtensions.m */ = {isa = PBXFileReference; fileEncoding = 4; lastKnownFileType = sourcecode.c.objc; path = "UIView+SDExtensions.m"; sourceTree = "<group>"; };
		CA014D6716F3940500253769 /* NSCachedURLResponse+LeakFix.h */ = {isa = PBXFileReference; fileEncoding = 4; lastKnownFileType = sourcecode.c.h; path = "NSCachedURLResponse+LeakFix.h"; sourceTree = "<group>"; };
		CA014D6816F3940500253769 /* NSCachedURLResponse+LeakFix.m */ = {isa = PBXFileReference; fileEncoding = 4; lastKnownFileType = sourcecode.c.objc; path = "NSCachedURLResponse+LeakFix.m"; sourceTree = "<group>"; };
		CA014D6916F3940500253769 /* NSURL+SDExtensions.h */ = {isa = PBXFileReference; fileEncoding = 4; lastKnownFileType = sourcecode.c.h; path = "NSURL+SDExtensions.h"; sourceTree = "<group>"; };
		CA014D6A16F3940500253769 /* NSURL+SDExtensions.m */ = {isa = PBXFileReference; fileEncoding = 4; lastKnownFileType = sourcecode.c.objc; path = "NSURL+SDExtensions.m"; sourceTree = "<group>"; };
		CA014D6B16F3940500253769 /* NSURLCache+SDExtensions.h */ = {isa = PBXFileReference; fileEncoding = 4; lastKnownFileType = sourcecode.c.h; path = "NSURLCache+SDExtensions.h"; sourceTree = "<group>"; };
		CA014D6C16F3940500253769 /* NSURLCache+SDExtensions.m */ = {isa = PBXFileReference; fileEncoding = 4; lastKnownFileType = sourcecode.c.objc; path = "NSURLCache+SDExtensions.m"; sourceTree = "<group>"; };
		CA014D6D16F3940500253769 /* Reachability.h */ = {isa = PBXFileReference; fileEncoding = 4; lastKnownFileType = sourcecode.c.h; path = Reachability.h; sourceTree = "<group>"; };
		CA014D6E16F3940500253769 /* Reachability.m */ = {isa = PBXFileReference; fileEncoding = 4; lastKnownFileType = sourcecode.c.objc; path = Reachability.m; sourceTree = "<group>"; };
		CA014D6F16F3940500253769 /* SDURLConnection.h */ = {isa = PBXFileReference; fileEncoding = 4; lastKnownFileType = sourcecode.c.h; path = SDURLConnection.h; sourceTree = "<group>"; };
		CA014D7016F3940500253769 /* SDURLConnection.m */ = {isa = PBXFileReference; fileEncoding = 4; lastKnownFileType = sourcecode.c.objc; path = SDURLConnection.m; sourceTree = "<group>"; };
		CA014D7116F3940500253769 /* SDWebService.h */ = {isa = PBXFileReference; fileEncoding = 4; lastKnownFileType = sourcecode.c.h; path = SDWebService.h; sourceTree = "<group>"; };
		CA014D7216F3940500253769 /* SDWebService.m */ = {isa = PBXFileReference; fileEncoding = 4; lastKnownFileType = sourcecode.c.objc; path = SDWebService.m; sourceTree = "<group>"; };
		CA014DBC16F39AC200253769 /* ios-shared.h */ = {isa = PBXFileReference; lastKnownFileType = sourcecode.c.h; path = "ios-shared.h"; sourceTree = SOURCE_ROOT; };
		CA014DBD16F39F2600253769 /* SDContainerViewController.h */ = {isa = PBXFileReference; fileEncoding = 4; lastKnownFileType = sourcecode.c.h; path = SDContainerViewController.h; sourceTree = "<group>"; };
		CA014DBE16F39F2600253769 /* SDContainerViewController.m */ = {isa = PBXFileReference; fileEncoding = 4; lastKnownFileType = sourcecode.c.objc; path = SDContainerViewController.m; sourceTree = "<group>"; };
		CA014DC116F3A09300253769 /* SDDataMap.h */ = {isa = PBXFileReference; fileEncoding = 4; lastKnownFileType = sourcecode.c.h; path = SDDataMap.h; sourceTree = "<group>"; };
		CA014DC216F3A09300253769 /* SDDataMap.m */ = {isa = PBXFileReference; fileEncoding = 4; lastKnownFileType = sourcecode.c.objc; path = SDDataMap.m; sourceTree = "<group>"; };
		CA28BD25175551FA007310AB /* Global-iOS.xcconfig */ = {isa = PBXFileReference; lastKnownFileType = text.xcconfig; name = "Global-iOS.xcconfig"; path = "Configurations/Global-iOS.xcconfig"; sourceTree = "<group>"; };
		CA28BD26175551FA007310AB /* Project-iOS-Debug.xcconfig */ = {isa = PBXFileReference; lastKnownFileType = text.xcconfig; name = "Project-iOS-Debug.xcconfig"; path = "Configurations/Project-iOS-Debug.xcconfig"; sourceTree = "<group>"; };
		CA28BD27175551FA007310AB /* Project-iOS-Release.xcconfig */ = {isa = PBXFileReference; lastKnownFileType = text.xcconfig; name = "Project-iOS-Release.xcconfig"; path = "Configurations/Project-iOS-Release.xcconfig"; sourceTree = "<group>"; };
		CA331B73171F1E3800CFD209 /* UIDevice+machine.h */ = {isa = PBXFileReference; fileEncoding = 4; lastKnownFileType = sourcecode.c.h; path = "UIDevice+machine.h"; sourceTree = "<group>"; };
		CA331B74171F1E3800CFD209 /* UIDevice+machine.m */ = {isa = PBXFileReference; fileEncoding = 4; lastKnownFileType = sourcecode.c.objc; path = "UIDevice+machine.m"; sourceTree = "<group>"; };
		CA331BF31725A78E00CFD209 /* UIImageView+SDExtensions.h */ = {isa = PBXFileReference; fileEncoding = 4; lastKnownFileType = sourcecode.c.h; path = "UIImageView+SDExtensions.h"; sourceTree = "<group>"; };
		CA331BF41725A78E00CFD209 /* UIImageView+SDExtensions.m */ = {isa = PBXFileReference; fileEncoding = 4; lastKnownFileType = sourcecode.c.objc; path = "UIImageView+SDExtensions.m"; sourceTree = "<group>"; };
		CA54F189175554C5005B9672 /* CoreGraphics.framework */ = {isa = PBXFileReference; lastKnownFileType = wrapper.framework; name = CoreGraphics.framework; path = System/Library/Frameworks/CoreGraphics.framework; sourceTree = SDKROOT; };
		CA5BC6841756A689006E8673 /* SDBase64.h */ = {isa = PBXFileReference; fileEncoding = 4; lastKnownFileType = sourcecode.c.h; path = SDBase64.h; sourceTree = "<group>"; };
		CA5BC6851756A689006E8673 /* SDBase64.m */ = {isa = PBXFileReference; fileEncoding = 4; lastKnownFileType = sourcecode.c.objc; path = SDBase64.m; sourceTree = "<group>"; };
		CA88884C16F787BB0007C614 /* SDDeckController.h */ = {isa = PBXFileReference; fileEncoding = 4; lastKnownFileType = sourcecode.c.h; path = SDDeckController.h; sourceTree = "<group>"; };
		CA88884D16F787BB0007C614 /* SDDeckController.m */ = {isa = PBXFileReference; fileEncoding = 4; lastKnownFileType = sourcecode.c.objc; path = SDDeckController.m; sourceTree = "<group>"; };
		CAA7AEAA1778F7CD0033BC49 /* SDPagingView.h */ = {isa = PBXFileReference; fileEncoding = 4; lastKnownFileType = sourcecode.c.h; path = SDPagingView.h; sourceTree = "<group>"; };
		CAA7AEAB1778F7CD0033BC49 /* SDPagingView.m */ = {isa = PBXFileReference; fileEncoding = 4; lastKnownFileType = sourcecode.c.objc; path = SDPagingView.m; sourceTree = "<group>"; };
		CAAD9439171611E500E97FEC /* NSData+SDExtensions.h */ = {isa = PBXFileReference; fileEncoding = 4; lastKnownFileType = sourcecode.c.h; path = "NSData+SDExtensions.h"; sourceTree = "<group>"; };
		CAAD943A171611E500E97FEC /* NSData+SDExtensions.m */ = {isa = PBXFileReference; fileEncoding = 4; lastKnownFileType = sourcecode.c.objc; path = "NSData+SDExtensions.m"; sourceTree = "<group>"; };
		CAB97F02178DDF88001A8ABA /* SDImageCache.h */ = {isa = PBXFileReference; lastKnownFileType = sourcecode.c.h; path = SDImageCache.h; sourceTree = "<group>"; };
		CAB97F03178DDF88001A8ABA /* SDImageCache.m */ = {isa = PBXFileReference; lastKnownFileType = sourcecode.c.objc; path = SDImageCache.m; sourceTree = "<group>"; };
		CAF9C61C174D633B00E0DA62 /* UIViewController+SDExtensions.h */ = {isa = PBXFileReference; fileEncoding = 4; lastKnownFileType = sourcecode.c.h; path = "UIViewController+SDExtensions.h"; sourceTree = "<group>"; };
		CAF9C61D174D633B00E0DA62 /* UIViewController+SDExtensions.m */ = {isa = PBXFileReference; fileEncoding = 4; lastKnownFileType = sourcecode.c.objc; path = "UIViewController+SDExtensions.m"; sourceTree = "<group>"; };
/* End PBXFileReference section */

/* Begin PBXFrameworksBuildPhase section */
		009381031461B6860044E007 /* Frameworks */ = {
			isa = PBXFrameworksBuildPhase;
			buildActionMask = 2147483647;
			files = (
				009382C61461B9520044E007 /* QuartzCore.framework in Frameworks */,
				009381941461B6EB0044E007 /* UIKit.framework in Frameworks */,
				0093810A1461B6860044E007 /* Foundation.framework in Frameworks */,
			);
			runOnlyForDeploymentPostprocessing = 0;
		};
/* End PBXFrameworksBuildPhase section */

/* Begin PBXGroup section */
		009380FB1461B6850044E007 = {
			isa = PBXGroup;
			children = (
				0093810B1461B6860044E007 /* ios-shared */,
				CA28BD281755531B007310AB /* Configurations */,
				009381081461B6860044E007 /* Frameworks */,
				009381071461B6860044E007 /* Products */,
			);
			sourceTree = "<group>";
		};
		009381071461B6860044E007 /* Products */ = {
			isa = PBXGroup;
			children = (
				009381061461B6860044E007 /* libios-shared.a */,
			);
			name = Products;
			sourceTree = "<group>";
		};
		009381081461B6860044E007 /* Frameworks */ = {
			isa = PBXGroup;
			children = (
				009382C51461B9520044E007 /* QuartzCore.framework */,
				009381931461B6EB0044E007 /* UIKit.framework */,
				009381091461B6860044E007 /* Foundation.framework */,
				CA54F189175554C5005B9672 /* CoreGraphics.framework */,
			);
			name = Frameworks;
			sourceTree = "<group>";
		};
		0093810B1461B6860044E007 /* ios-shared */ = {
			isa = PBXGroup;
			children = (
				CA014DBC16F39AC200253769 /* ios-shared.h */,
				CA014D2216F3940500253769 /* Foundation */,
				CA014D2F16F3940500253769 /* Logging */,
				CA014D3316F3940500253769 /* Mapping */,
				CA014D3C16F3940500253769 /* Security */,
				CA014D3F16F3940500253769 /* UI */,
				CA014D6616F3940500253769 /* WebServices */,
				0093810C1461B6860044E007 /* Supporting Files */,
			);
			path = "ios-shared";
			sourceTree = "<group>";
		};
		0093810C1461B6860044E007 /* Supporting Files */ = {
			isa = PBXGroup;
			children = (
				0093810D1461B6860044E007 /* ios-shared-Prefix.pch */,
			);
			name = "Supporting Files";
			sourceTree = "<group>";
		};
		CA014D2216F3940500253769 /* Foundation */ = {
			isa = PBXGroup;
			children = (
				CA014DC116F3A09300253769 /* SDDataMap.h */,
				CA014DC216F3A09300253769 /* SDDataMap.m */,
				CA331B73171F1E3800CFD209 /* UIDevice+machine.h */,
				CA331B74171F1E3800CFD209 /* UIDevice+machine.m */,
				CA014D2316F3940500253769 /* NSArray+SDExtensions.h */,
				CA014D2416F3940500253769 /* NSArray+SDExtensions.m */,
				CA014D2516F3940500253769 /* NSDate+SDExtensions.h */,
				CA014D2616F3940500253769 /* NSDate+SDExtensions.m */,
				CA014D2716F3940500253769 /* NSDictionary+SDExtensions.h */,
				CA014D2816F3940500253769 /* NSDictionary+SDExtensions.m */,
				CA014D2916F3940500253769 /* NSString+SDExtensions.h */,
				CA014D2A16F3940500253769 /* NSString+SDExtensions.m */,
				CA014D2B16F3940500253769 /* NSUserDefaults+SDExtensions.h */,
				CA014D2C16F3940500253769 /* NSUserDefaults+SDExtensions.m */,
				CA014D2D16F3940500253769 /* SDTimer.h */,
				CA014D2E16F3940500253769 /* SDTimer.m */,
				CAAD9439171611E500E97FEC /* NSData+SDExtensions.h */,
				CAAD943A171611E500E97FEC /* NSData+SDExtensions.m */,
				CA5BC6841756A689006E8673 /* SDBase64.h */,
				CA5BC6851756A689006E8673 /* SDBase64.m */,
			);
			path = Foundation;
			sourceTree = SOURCE_ROOT;
		};
		CA014D2F16F3940500253769 /* Logging */ = {
			isa = PBXGroup;
			children = (
				CA014D3216F3940500253769 /* SDLog.h */,
			);
			path = Logging;
			sourceTree = SOURCE_ROOT;
		};
		CA014D3316F3940500253769 /* Mapping */ = {
			isa = PBXGroup;
			children = (
				CA014D3416F3940500253769 /* CLLocation+SDExtensions.h */,
				CA014D3516F3940500253769 /* CLLocation+SDExtensions.m */,
				CA014D3616F3940500253769 /* MKMapView+SDExtensions.h */,
				CA014D3716F3940500253769 /* MKMapView+SDExtensions.m */,
				CA014D3A16F3940500253769 /* SDLocationManager.h */,
				CA014D3B16F3940500253769 /* SDLocationManager.m */,
			);
			path = Mapping;
			sourceTree = SOURCE_ROOT;
		};
		CA014D3C16F3940500253769 /* Security */ = {
			isa = PBXGroup;
			children = (
				CA014D3D16F3940500253769 /* SDKeychain.h */,
				CA014D3E16F3940500253769 /* SDKeychain.m */,
			);
			path = Security;
			sourceTree = SOURCE_ROOT;
		};
		CA014D3F16F3940500253769 /* UI */ = {
			isa = PBXGroup;
			children = (
				CAA7AEAA1778F7CD0033BC49 /* SDPagingView.h */,
				CAA7AEAB1778F7CD0033BC49 /* SDPagingView.m */,
				CA88884C16F787BB0007C614 /* SDDeckController.h */,
				CA88884D16F787BB0007C614 /* SDDeckController.m */,
				CA014DBD16F39F2600253769 /* SDContainerViewController.h */,
				CA014DBE16F39F2600253769 /* SDContainerViewController.m */,
				CA014D4016F3940500253769 /* NSObject+SDExtensions.h */,
				CA014D4116F3940500253769 /* NSObject+SDExtensions.m */,
				CA014D4216F3940500253769 /* SDDragDropGestureRecognizer.h */,
				CA014D4316F3940500253769 /* SDDragDropGestureRecognizer.m */,
				CA014D4416F3940500253769 /* SDDragDropManager.h */,
				CA014D4516F3940500253769 /* SDDragDropManager.m */,
				CA014D4616F3940500253769 /* SDImageButton.h */,
				CA014D4716F3940500253769 /* SDImageButton.m */,
				CA014D4816F3940500253769 /* SDLabel.h */,
				CA014D4916F3940500253769 /* SDLabel.m */,
				CA014D4A16F3940500253769 /* SDPickerModalViewController.h */,
				CA014D4B16F3940500253769 /* SDPickerModalViewController.m */,
				CA014D4C16F3940500253769 /* SDPickerModalViewController.xib */,
				CA014D4D16F3940500253769 /* SDSearchBar.h */,
				CA014D4E16F3940500253769 /* SDSearchBar.m */,
				CA014D4F16F3940500253769 /* SDSearchDisplayController.h */,
				CA014D5016F3940500253769 /* SDSearchDisplayController.m */,
				CA014D5116F3940500253769 /* SDStackView.h */,
				CA014D5216F3940500253769 /* SDStackView.m */,
				CA014D5316F3940500253769 /* SDWebViewCell.h */,
				CA014D5416F3940500253769 /* SDWebViewCell.m */,
				CA014D5516F3940500253769 /* SDWebViewCell.xib */,
				CA014D5616F3940500253769 /* UIActivityIndicatorView+SDExtensions.h */,
				CA014D5716F3940500253769 /* UIActivityIndicatorView+SDExtensions.m */,
				CA014D5816F3940500253769 /* UIAlertView+SDExtensions.h */,
				CA014D5916F3940500253769 /* UIAlertView+SDExtensions.m */,
				CA014D5A16F3940500253769 /* UIColor+SDExtensions.h */,
				CA014D5B16F3940500253769 /* UIColor+SDExtensions.m */,
				CA014D5C16F3940500253769 /* UIImage+SDExtensions.h */,
				CA014D5D16F3940500253769 /* UIImage+SDExtensions.m */,
				CA014D5E16F3940500253769 /* UINavigationController+SDExtensions.h */,
				CA014D5F16F3940500253769 /* UINavigationController+SDExtensions.m */,
				CA014D6016F3940500253769 /* UIScreen+SDExtensions.h */,
				CA014D6116F3940500253769 /* UIScreen+SDExtensions.m */,
				CA014D6216F3940500253769 /* UISearchBar+SDExtensions.h */,
				CA014D6316F3940500253769 /* UISearchBar+SDExtensions.m */,
				CA014D6416F3940500253769 /* UIView+SDExtensions.h */,
				CA014D6516F3940500253769 /* UIView+SDExtensions.m */,
				CAF9C61C174D633B00E0DA62 /* UIViewController+SDExtensions.h */,
				CAF9C61D174D633B00E0DA62 /* UIViewController+SDExtensions.m */,
			);
			path = UI;
			sourceTree = SOURCE_ROOT;
		};
		CA014D6616F3940500253769 /* WebServices */ = {
			isa = PBXGroup;
			children = (
				CA014D6716F3940500253769 /* NSCachedURLResponse+LeakFix.h */,
				CA014D6816F3940500253769 /* NSCachedURLResponse+LeakFix.m */,
				CA014D6916F3940500253769 /* NSURL+SDExtensions.h */,
				CA014D6A16F3940500253769 /* NSURL+SDExtensions.m */,
				CA014D6B16F3940500253769 /* NSURLCache+SDExtensions.h */,
				CA014D6C16F3940500253769 /* NSURLCache+SDExtensions.m */,
				CA014D6D16F3940500253769 /* Reachability.h */,
				CA014D6E16F3940500253769 /* Reachability.m */,
				CA014D6F16F3940500253769 /* SDURLConnection.h */,
				CA014D7016F3940500253769 /* SDURLConnection.m */,
				CA014D7116F3940500253769 /* SDWebService.h */,
				CA014D7216F3940500253769 /* SDWebService.m */,
				CA331BF31725A78E00CFD209 /* UIImageView+SDExtensions.h */,
				CA331BF41725A78E00CFD209 /* UIImageView+SDExtensions.m */,
				CAB97F02178DDF88001A8ABA /* SDImageCache.h */,
				CAB97F03178DDF88001A8ABA /* SDImageCache.m */,
			);
			path = WebServices;
			sourceTree = SOURCE_ROOT;
		};
		CA28BD281755531B007310AB /* Configurations */ = {
			isa = PBXGroup;
			children = (
				CA28BD25175551FA007310AB /* Global-iOS.xcconfig */,
				CA28BD26175551FA007310AB /* Project-iOS-Debug.xcconfig */,
				CA28BD27175551FA007310AB /* Project-iOS-Release.xcconfig */,
			);
			name = Configurations;
			sourceTree = "<group>";
		};
/* End PBXGroup section */

/* Begin PBXHeadersBuildPhase section */
		009381041461B6860044E007 /* Headers */ = {
			isa = PBXHeadersBuildPhase;
			buildActionMask = 2147483647;
			files = (
				CA014D7316F3940500253769 /* NSArray+SDExtensions.h in Headers */,
				CA014D7516F3940500253769 /* NSDate+SDExtensions.h in Headers */,
				CA014D7716F3940500253769 /* NSDictionary+SDExtensions.h in Headers */,
				CA014D7916F3940500253769 /* NSString+SDExtensions.h in Headers */,
				CAA7AEAC1778F7CD0033BC49 /* SDPagingView.h in Headers */,
				CA014D7B16F3940500253769 /* NSUserDefaults+SDExtensions.h in Headers */,
				CA014D7D16F3940500253769 /* SDTimer.h in Headers */,
				CA014D8116F3940500253769 /* SDLog.h in Headers */,
				CA014D8216F3940500253769 /* CLLocation+SDExtensions.h in Headers */,
				CA014D8416F3940500253769 /* MKMapView+SDExtensions.h in Headers */,
				CA014D8816F3940500253769 /* SDLocationManager.h in Headers */,
				CA014D8A16F3940500253769 /* SDKeychain.h in Headers */,
				CA014D8C16F3940500253769 /* NSObject+SDExtensions.h in Headers */,
				CA014D8E16F3940500253769 /* SDDragDropGestureRecognizer.h in Headers */,
				CA014D9016F3940500253769 /* SDDragDropManager.h in Headers */,
				CA014D9216F3940500253769 /* SDImageButton.h in Headers */,
				CA014D9416F3940500253769 /* SDLabel.h in Headers */,
				CA014D9616F3940500253769 /* SDPickerModalViewController.h in Headers */,
				CA014D9816F3940500253769 /* SDSearchBar.h in Headers */,
				CA014D9A16F3940500253769 /* SDSearchDisplayController.h in Headers */,
				CA014D9C16F3940500253769 /* SDStackView.h in Headers */,
				CA014D9E16F3940500253769 /* SDWebViewCell.h in Headers */,
				CA014DA016F3940500253769 /* UIActivityIndicatorView+SDExtensions.h in Headers */,
				CA014DA216F3940500253769 /* UIAlertView+SDExtensions.h in Headers */,
				CA014DA416F3940500253769 /* UIColor+SDExtensions.h in Headers */,
				CA014DA616F3940500253769 /* UIImage+SDExtensions.h in Headers */,
				CA014DA816F3940500253769 /* UINavigationController+SDExtensions.h in Headers */,
				CA014DAA16F3940500253769 /* UIScreen+SDExtensions.h in Headers */,
				CA014DAC16F3940500253769 /* UISearchBar+SDExtensions.h in Headers */,
				CA014DAE16F3940500253769 /* UIView+SDExtensions.h in Headers */,
				CA014DB016F3940500253769 /* NSCachedURLResponse+LeakFix.h in Headers */,
				CA014DB216F3940500253769 /* NSURL+SDExtensions.h in Headers */,
				CA014DB416F3940500253769 /* NSURLCache+SDExtensions.h in Headers */,
				CA014DB616F3940500253769 /* Reachability.h in Headers */,
				CA014DB816F3940500253769 /* SDURLConnection.h in Headers */,
				CA014DBA16F3940500253769 /* SDWebService.h in Headers */,
				CA014DBF16F39F2600253769 /* SDContainerViewController.h in Headers */,
				CA014DC316F3A09300253769 /* SDDataMap.h in Headers */,
				CA88884E16F787BB0007C614 /* SDDeckController.h in Headers */,
				CAAD943B171611E500E97FEC /* NSData+SDExtensions.h in Headers */,
				CA331B75171F1E3800CFD209 /* UIDevice+machine.h in Headers */,
				CA331BF51725A78E00CFD209 /* UIImageView+SDExtensions.h in Headers */,
				CAF9C61E174D633B00E0DA62 /* UIViewController+SDExtensions.h in Headers */,
				CA5BC6861756A689006E8673 /* SDBase64.h in Headers */,
			);
			runOnlyForDeploymentPostprocessing = 0;
		};
/* End PBXHeadersBuildPhase section */

/* Begin PBXNativeTarget section */
		009381051461B6860044E007 /* ios-shared */ = {
			isa = PBXNativeTarget;
			buildConfigurationList = 009381131461B6860044E007 /* Build configuration list for PBXNativeTarget "ios-shared" */;
			buildPhases = (
				009381021461B6860044E007 /* Sources */,
				009381031461B6860044E007 /* Frameworks */,
				009381041461B6860044E007 /* Headers */,
			);
			buildRules = (
			);
			dependencies = (
			);
			name = "ios-shared";
			productName = "ios-shared";
			productReference = 009381061461B6860044E007 /* libios-shared.a */;
			productType = "com.apple.product-type.library.static";
		};
/* End PBXNativeTarget section */

/* Begin PBXProject section */
		009380FD1461B6850044E007 /* Project object */ = {
			isa = PBXProject;
			attributes = {
				LastUpgradeCheck = 0460;
				ORGANIZATIONNAME = SetDirection;
			};
			buildConfigurationList = 009381001461B6850044E007 /* Build configuration list for PBXProject "ios-shared" */;
			compatibilityVersion = "Xcode 3.2";
			developmentRegion = English;
			hasScannedForEncodings = 0;
			knownRegions = (
				en,
				English,
			);
			mainGroup = 009380FB1461B6850044E007;
			productRefGroup = 009381071461B6860044E007 /* Products */;
			projectDirPath = "";
			projectRoot = "";
			targets = (
				009381051461B6860044E007 /* ios-shared */,
			);
		};
/* End PBXProject section */

/* Begin PBXSourcesBuildPhase section */
		009381021461B6860044E007 /* Sources */ = {
			isa = PBXSourcesBuildPhase;
			buildActionMask = 2147483647;
			files = (
				CA014D7416F3940500253769 /* NSArray+SDExtensions.m in Sources */,
				CA014D7616F3940500253769 /* NSDate+SDExtensions.m in Sources */,
				CA014D7816F3940500253769 /* NSDictionary+SDExtensions.m in Sources */,
				CA014D7A16F3940500253769 /* NSString+SDExtensions.m in Sources */,
				CA014D7C16F3940500253769 /* NSUserDefaults+SDExtensions.m in Sources */,
				CA014D7E16F3940500253769 /* SDTimer.m in Sources */,
				CA014D8316F3940500253769 /* CLLocation+SDExtensions.m in Sources */,
				CAB97F04178DE01D001A8ABA /* SDImageCache.m in Sources */,
				CA014D8516F3940500253769 /* MKMapView+SDExtensions.m in Sources */,
				CA014D8916F3940500253769 /* SDLocationManager.m in Sources */,
				CA014D8B16F3940500253769 /* SDKeychain.m in Sources */,
				CA014D8D16F3940500253769 /* NSObject+SDExtensions.m in Sources */,
				CA014D8F16F3940500253769 /* SDDragDropGestureRecognizer.m in Sources */,
				CA014D9116F3940500253769 /* SDDragDropManager.m in Sources */,
				CA014D9316F3940500253769 /* SDImageButton.m in Sources */,
				CA014D9516F3940500253769 /* SDLabel.m in Sources */,
				CA014D9716F3940500253769 /* SDPickerModalViewController.m in Sources */,
				CA014D9916F3940500253769 /* SDSearchBar.m in Sources */,
				CA014D9B16F3940500253769 /* SDSearchDisplayController.m in Sources */,
				CA014D9D16F3940500253769 /* SDStackView.m in Sources */,
				CAA7AEAD1778F7CD0033BC49 /* SDPagingView.m in Sources */,
				CA014D9F16F3940500253769 /* SDWebViewCell.m in Sources */,
				CA014DA116F3940500253769 /* UIActivityIndicatorView+SDExtensions.m in Sources */,
				CA014DA316F3940500253769 /* UIAlertView+SDExtensions.m in Sources */,
				CA014DA516F3940500253769 /* UIColor+SDExtensions.m in Sources */,
				CA014DA716F3940500253769 /* UIImage+SDExtensions.m in Sources */,
				CA014DA916F3940500253769 /* UINavigationController+SDExtensions.m in Sources */,
				CA014DAB16F3940500253769 /* UIScreen+SDExtensions.m in Sources */,
				CA014DAD16F3940500253769 /* UISearchBar+SDExtensions.m in Sources */,
				CA014DAF16F3940500253769 /* UIView+SDExtensions.m in Sources */,
				CA014DB116F3940500253769 /* NSCachedURLResponse+LeakFix.m in Sources */,
				CA014DB316F3940500253769 /* NSURL+SDExtensions.m in Sources */,
				CA014DB516F3940500253769 /* NSURLCache+SDExtensions.m in Sources */,
				CA014DB716F3940500253769 /* Reachability.m in Sources */,
				CA014DB916F3940500253769 /* SDURLConnection.m in Sources */,
				CA014DBB16F3940500253769 /* SDWebService.m in Sources */,
				CA014DC016F39F2600253769 /* SDContainerViewController.m in Sources */,
				CA014DC416F3A09300253769 /* SDDataMap.m in Sources */,
				CA88884F16F787BB0007C614 /* SDDeckController.m in Sources */,
				CAAD943C171611E500E97FEC /* NSData+SDExtensions.m in Sources */,
				CA331B76171F1E3800CFD209 /* UIDevice+machine.m in Sources */,
				CA331BF61725A78E00CFD209 /* UIImageView+SDExtensions.m in Sources */,
				CAF9C61F174D633B00E0DA62 /* UIViewController+SDExtensions.m in Sources */,
				CA5BC6871756A689006E8673 /* SDBase64.m in Sources */,
			);
			runOnlyForDeploymentPostprocessing = 0;
		};
/* End PBXSourcesBuildPhase section */

/* Begin XCBuildConfiguration section */
		009381111461B6860044E007 /* Debug */ = {
			isa = XCBuildConfiguration;
			buildSettings = {
				ALWAYS_SEARCH_USER_PATHS = NO;
				ARCHS = "$(ARCHS_STANDARD_32_BIT)";
				CLANG_WARN_CONSTANT_CONVERSION = YES;
				CLANG_WARN_ENUM_CONVERSION = YES;
				CLANG_WARN_INT_CONVERSION = YES;
				CLANG_WARN__DUPLICATE_METHOD_MATCH = YES;
				COPY_PHASE_STRIP = NO;
				GCC_C_LANGUAGE_STANDARD = gnu99;
				GCC_DYNAMIC_NO_PIC = NO;
				GCC_OPTIMIZATION_LEVEL = 0;
				GCC_PREPROCESSOR_DEFINITIONS = (
					"DEBUG=1",
					"$(inherited)",
				);
				GCC_SYMBOLS_PRIVATE_EXTERN = NO;
				GCC_VERSION = com.apple.compilers.llvm.clang.1_0;
				GCC_WARN_ABOUT_RETURN_TYPE = YES;
				GCC_WARN_UNINITIALIZED_AUTOS = YES;
				GCC_WARN_UNUSED_VARIABLE = YES;
				IPHONEOS_DEPLOYMENT_TARGET = 5.1;
				SDKROOT = iphoneos;
			};
			name = Debug;
		};
		009381121461B6860044E007 /* Release */ = {
			isa = XCBuildConfiguration;
			buildSettings = {
				ALWAYS_SEARCH_USER_PATHS = NO;
				ARCHS = "$(ARCHS_STANDARD_32_BIT)";
				CLANG_WARN_CONSTANT_CONVERSION = YES;
				CLANG_WARN_ENUM_CONVERSION = YES;
				CLANG_WARN_INT_CONVERSION = YES;
				CLANG_WARN__DUPLICATE_METHOD_MATCH = YES;
				COPY_PHASE_STRIP = YES;
				GCC_C_LANGUAGE_STANDARD = gnu99;
				GCC_VERSION = com.apple.compilers.llvm.clang.1_0;
				GCC_WARN_ABOUT_RETURN_TYPE = YES;
				GCC_WARN_UNINITIALIZED_AUTOS = YES;
				GCC_WARN_UNUSED_VARIABLE = YES;
				IPHONEOS_DEPLOYMENT_TARGET = 5.1;
				SDKROOT = iphoneos;
				VALIDATE_PRODUCT = YES;
			};
			name = Release;
		};
		009381141461B6860044E007 /* Debug */ = {
			isa = XCBuildConfiguration;
			baseConfigurationReference = CA28BD26175551FA007310AB /* Project-iOS-Debug.xcconfig */;
			buildSettings = {
				CLANG_ENABLE_OBJC_ARC = YES;
				DSTROOT = /tmp/ios_shared.dst;
				GCC_PRECOMPILE_PREFIX_HEADER = YES;
				GCC_PREFIX_HEADER = "ios-shared/ios-shared-Prefix.pch";
				ONLY_ACTIVE_ARCH = NO;
				OTHER_LDFLAGS = "-ObjC";
				PRODUCT_NAME = "$(TARGET_NAME)";
				RUN_CLANG_STATIC_ANALYZER = YES;
				SKIP_INSTALL = YES;
			};
			name = Debug;
		};
		009381151461B6860044E007 /* Release */ = {
			isa = XCBuildConfiguration;
			baseConfigurationReference = CA28BD27175551FA007310AB /* Project-iOS-Release.xcconfig */;
			buildSettings = {
				CLANG_ENABLE_OBJC_ARC = YES;
				DSTROOT = /tmp/ios_shared.dst;
				GCC_PRECOMPILE_PREFIX_HEADER = YES;
				GCC_PREFIX_HEADER = "ios-shared/ios-shared-Prefix.pch";
				OTHER_LDFLAGS = "-ObjC";
				PRODUCT_NAME = "$(TARGET_NAME)";
				SKIP_INSTALL = YES;
			};
			name = Release;
		};
/* End XCBuildConfiguration section */

/* Begin XCConfigurationList section */
		009381001461B6850044E007 /* Build configuration list for PBXProject "ios-shared" */ = {
			isa = XCConfigurationList;
			buildConfigurations = (
				009381111461B6860044E007 /* Debug */,
				009381121461B6860044E007 /* Release */,
			);
			defaultConfigurationIsVisible = 0;
			defaultConfigurationName = Release;
		};
		009381131461B6860044E007 /* Build configuration list for PBXNativeTarget "ios-shared" */ = {
			isa = XCConfigurationList;
			buildConfigurations = (
				009381141461B6860044E007 /* Debug */,
				009381151461B6860044E007 /* Release */,
			);
			defaultConfigurationIsVisible = 0;
			defaultConfigurationName = Release;
		};
/* End XCConfigurationList section */
	};
	rootObject = 009380FD1461B6850044E007 /* Project object */;
}
